hash: 7eecc2d328dd7406f1a02ce0697d46534ac6c9730da7e28fe76aaec580303421
updated: 2018-07-19T16:10:13.325732717+08:00
imports:
- name: github.com/kardianos/osext
  version: ae77be60afb1dcacde03767a8c37337fad28ac14
- name: github.com/sevlyar/go-daemon
  version: f9261e73885de99b1647d68bedadf2b9a99ad11f
testImports: []
